// !$*UTF8*$!
{
	archiveVersion = 1;
	classes = {
	};
	objectVersion = 55;
	objects = {

/* Begin PBXBuildFile section */
		DE6759BC27B7992E007618C3 /* AppDelegate.swift in Sources */ = {isa = PBXBuildFile; fileRef = DE6759BB27B7992E007618C3 /* AppDelegate.swift */; };
		DE6759BE27B7992E007618C3 /* SceneDelegate.swift in Sources */ = {isa = PBXBuildFile; fileRef = DE6759BD27B7992E007618C3 /* SceneDelegate.swift */; };
		DE6759C027B7992E007618C3 /* ViewController.swift in Sources */ = {isa = PBXBuildFile; fileRef = DE6759BF27B7992E007618C3 /* ViewController.swift */; };
		DE6759C327B7992E007618C3 /* Main.storyboard in Resources */ = {isa = PBXBuildFile; fileRef = DE6759C127B7992E007618C3 /* Main.storyboard */; };
		DE6759C527B7992F007618C3 /* Assets.xcassets in Resources */ = {isa = PBXBuildFile; fileRef = DE6759C427B7992F007618C3 /* Assets.xcassets */; };
		DE6759C827B7992F007618C3 /* LaunchScreen.storyboard in Resources */ = {isa = PBXBuildFile; fileRef = DE6759C627B7992F007618C3 /* LaunchScreen.storyboard */; };
		DE6759D627B79945007618C3 /* TestDateFormatterCostTests.swift in Sources */ = {isa = PBXBuildFile; fileRef = DE6759D527B79945007618C3 /* TestDateFormatterCostTests.swift */; };
/* End PBXBuildFile section */

/* Begin PBXContainerItemProxy section */
		DE6759D727B79945007618C3 /* PBXContainerItemProxy */ = {
			isa = PBXContainerItemProxy;
			containerPortal = DE6759B027B7992E007618C3 /* Project object */;
			proxyType = 1;
			remoteGlobalIDString = DE6759B727B7992E007618C3;
			remoteInfo = TestDateFormatterCost;
		};
/* End PBXContainerItemProxy section */

/* Begin PBXFileReference section */
		DE6759B827B7992E007618C3 /* TestDateFormatterCost.app */ = {isa = PBXFileReference; explicitFileType = wrapper.application; includeInIndex = 0; path = TestDateFormatterCost.app; sourceTree = BUILT_PRODUCTS_DIR; };
		DE6759BB27B7992E007618C3 /* AppDelegate.swift */ = {isa = PBXFileReference; lastKnownFileType = sourcecode.swift; path = AppDelegate.swift; sourceTree = "<group>"; };
		DE6759BD27B7992E007618C3 /* SceneDelegate.swift */ = {isa = PBXFileReference; lastKnownFileType = sourcecode.swift; path = SceneDelegate.swift; sourceTree = "<group>"; };
		DE6759BF27B7992E007618C3 /* ViewController.swift */ = {isa = PBXFileReference; lastKnownFileType = sourcecode.swift; path = ViewController.swift; sourceTree = "<group>"; };
		DE6759C227B7992E007618C3 /* Base */ = {isa = PBXFileReference; lastKnownFileType = file.storyboard; name = Base; path = Base.lproj/Main.storyboard; sourceTree = "<group>"; };
		DE6759C427B7992F007618C3 /* Assets.xcassets */ = {isa = PBXFileReference; lastKnownFileType = folder.assetcatalog; path = Assets.xcassets; sourceTree = "<group>"; };
		DE6759C727B7992F007618C3 /* Base */ = {isa = PBXFileReference; lastKnownFileType = file.storyboard; name = Base; path = Base.lproj/LaunchScreen.storyboard; sourceTree = "<group>"; };
		DE6759C927B7992F007618C3 /* Info.plist */ = {isa = PBXFileReference; lastKnownFileType = text.plist.xml; path = Info.plist; sourceTree = "<group>"; };
		DE6759D327B79944007618C3 /* TestDateFormatterCostTests.xctest */ = {isa = PBXFileReference; explicitFileType = wrapper.cfbundle; includeInIndex = 0; path = TestDateFormatterCostTests.xctest; sourceTree = BUILT_PRODUCTS_DIR; };
		DE6759D527B79945007618C3 /* TestDateFormatterCostTests.swift */ = {isa = PBXFileReference; lastKnownFileType = sourcecode.swift; path = TestDateFormatterCostTests.swift; sourceTree = "<group>"; };
/* End PBXFileReference section */

/* Begin PBXFrameworksBuildPhase section */
		DE6759B527B7992E007618C3 /* Frameworks */ = {
			isa = PBXFrameworksBuildPhase;
			buildActionMask = 2147483647;
			files = (
			);
			runOnlyForDeploymentPostprocessing = 0;
		};
		DE6759D027B79944007618C3 /* Frameworks */ = {
			isa = PBXFrameworksBuildPhase;
			buildActionMask = 2147483647;
			files = (
			);
			runOnlyForDeploymentPostprocessing = 0;
		};
/* End PBXFrameworksBuildPhase section */

/* Begin PBXGroup section */
		DE6759AF27B7992E007618C3 = {
			isa = PBXGroup;
			children = (
				DE6759BA27B7992E007618C3 /* TestDateFormatterCost */,
				DE6759D427B79945007618C3 /* TestDateFormatterCostTests */,
				DE6759B927B7992E007618C3 /* Products */,
			);
			sourceTree = "<group>";
		};
		DE6759B927B7992E007618C3 /* Products */ = {
			isa = PBXGroup;
			children = (
				DE6759B827B7992E007618C3 /* TestDateFormatterCost.app */,
				DE6759D327B79944007618C3 /* TestDateFormatterCostTests.xctest */,
			);
			name = Products;
			sourceTree = "<group>";
		};
		DE6759BA27B7992E007618C3 /* TestDateFormatterCost */ = {
			isa = PBXGroup;
			children = (
				DE6759BB27B7992E007618C3 /* AppDelegate.swift */,
				DE6759BD27B7992E007618C3 /* SceneDelegate.swift */,
				DE6759BF27B7992E007618C3 /* ViewController.swift */,
				DE6759C127B7992E007618C3 /* Main.storyboard */,
				DE6759C427B7992F007618C3 /* Assets.xcassets */,
				DE6759C627B7992F007618C3 /* LaunchScreen.storyboard */,
				DE6759C927B7992F007618C3 /* Info.plist */,
			);
			path = TestDateFormatterCost;
			sourceTree = "<group>";
		};
		DE6759D427B79945007618C3 /* TestDateFormatterCostTests */ = {
			isa = PBXGroup;
			children = (
				DE6759D527B79945007618C3 /* TestDateFormatterCostTests.swift */,
			);
			path = TestDateFormatterCostTests;
			sourceTree = "<group>";
		};
/* End PBXGroup section */

/* Begin PBXNativeTarget section */
		DE6759B727B7992E007618C3 /* TestDateFormatterCost */ = {
			isa = PBXNativeTarget;
			buildConfigurationList = DE6759CC27B7992F007618C3 /* Build configuration list for PBXNativeTarget "TestDateFormatterCost" */;
			buildPhases = (
				DE6759B427B7992E007618C3 /* Sources */,
				DE6759B527B7992E007618C3 /* Frameworks */,
				DE6759B627B7992E007618C3 /* Resources */,
			);
			buildRules = (
			);
			dependencies = (
			);
			name = TestDateFormatterCost;
			productName = TestDateFormatterCost;
			productReference = DE6759B827B7992E007618C3 /* TestDateFormatterCost.app */;
			productType = "com.apple.product-type.application";
		};
		DE6759D227B79944007618C3 /* TestDateFormatterCostTests */ = {
			isa = PBXNativeTarget;
			buildConfigurationList = DE6759D927B79945007618C3 /* Build configuration list for PBXNativeTarget "TestDateFormatterCostTests" */;
			buildPhases = (
				DE6759CF27B79944007618C3 /* Sources */,
				DE6759D027B79944007618C3 /* Frameworks */,
				DE6759D127B79944007618C3 /* Resources */,
			);
			buildRules = (
			);
			dependencies = (
				DE6759D827B79945007618C3 /* PBXTargetDependency */,
			);
			name = TestDateFormatterCostTests;
			productName = TestDateFormatterCostTests;
			productReference = DE6759D327B79944007618C3 /* TestDateFormatterCostTests.xctest */;
			productType = "com.apple.product-type.bundle.unit-test";
		};
/* End PBXNativeTarget section */

/* Begin PBXProject section */
		DE6759B027B7992E007618C3 /* Project object */ = {
			isa = PBXProject;
			attributes = {
				BuildIndependentTargetsInParallel = 1;
				LastSwiftUpdateCheck = 1300;
				LastUpgradeCheck = 1300;
				TargetAttributes = {
					DE6759B727B7992E007618C3 = {
						CreatedOnToolsVersion = 13.0;
					};
					DE6759D227B79944007618C3 = {
						CreatedOnToolsVersion = 13.0;
						TestTargetID = DE6759B727B7992E007618C3;
					};
				};
			};
			buildConfigurationList = DE6759B327B7992E007618C3 /* Build configuration list for PBXProject "TestDateFormatterCost" */;
			compatibilityVersion = "Xcode 13.0";
			developmentRegion = en;
			hasScannedForEncodings = 0;
			knownRegions = (
				en,
				Base,
			);
			mainGroup = DE6759AF27B7992E007618C3;
			productRefGroup = DE6759B927B7992E007618C3 /* Products */;
			projectDirPath = "";
			projectRoot = "";
			targets = (
				DE6759B727B7992E007618C3 /* TestDateFormatterCost */,
				DE6759D227B79944007618C3 /* TestDateFormatterCostTests */,
			);
		};
/* End PBXProject section */

/* Begin PBXResourcesBuildPhase section */
		DE6759B627B7992E007618C3 /* Resources */ = {
			isa = PBXResourcesBuildPhase;
			buildActionMask = 2147483647;
			files = (
				DE6759C827B7992F007618C3 /* LaunchScreen.storyboard in Resources */,
				DE6759C527B7992F007618C3 /* Assets.xcassets in Resources */,
				DE6759C327B7992E007618C3 /* Main.storyboard in Resources */,
			);
			runOnlyForDeploymentPostprocessing = 0;
		};
		DE6759D127B79944007618C3 /* Resources */ = {
			isa = PBXResourcesBuildPhase;
			buildActionMask = 2147483647;
			files = (
			);
			runOnlyForDeploymentPostprocessing = 0;
		};
/* End PBXResourcesBuildPhase section */

/* Begin PBXSourcesBuildPhase section */
		DE6759B427B7992E007618C3 /* Sources */ = {
			isa = PBXSourcesBuildPhase;
			buildActionMask = 2147483647;
			files = (
				DE6759C027B7992E007618C3 /* ViewController.swift in Sources */,
				DE6759BC27B7992E007618C3 /* AppDelegate.swift in Sources */,
				DE6759BE27B7992E007618C3 /* SceneDelegate.swift in Sources */,
			);
			runOnlyForDeploymentPostprocessing = 0;
		};
		DE6759CF27B79944007618C3 /* Sources */ = {
			isa = PBXSourcesBuildPhase;
			buildActionMask = 2147483647;
			files = (
				DE6759D627B79945007618C3 /* TestDateFormatterCostTests.swift in Sources */,
			);
			runOnlyForDeploymentPostprocessing = 0;
		};
/* End PBXSourcesBuildPhase section */

/* Begin PBXTargetDependency section */
		DE6759D827B79945007618C3 /* PBXTargetDependency */ = {
			isa = PBXTargetDependency;
			target = DE6759B727B7992E007618C3 /* TestDateFormatterCost */;
			targetProxy = DE6759D727B79945007618C3 /* PBXContainerItemProxy */;
		};
/* End PBXTargetDependency section */

/* Begin PBXVariantGroup section */
		DE6759C127B7992E007618C3 /* Main.storyboard */ = {
			isa = PBXVariantGroup;
			children = (
				DE6759C227B7992E007618C3 /* Base */,
			);
			name = Main.storyboard;
			sourceTree = "<group>";
		};
		DE6759C627B7992F007618C3 /* LaunchScreen.storyboard */ = {
			isa = PBXVariantGroup;
			children = (
				DE6759C727B7992F007618C3 /* Base */,
			);
			name = LaunchScreen.storyboard;
			sourceTree = "<group>";
		};
/* End PBXVariantGroup section */

/* Begin XCBuildConfiguration section */
		DE6759CA27B7992F007618C3 /* Debug */ = {
			isa = XCBuildConfiguration;
			buildSettings = {
				ALWAYS_SEARCH_USER_PATHS = NO;
				CLANG_ANALYZER_NONNULL = YES;
				CLANG_ANALYZER_NUMBER_OBJECT_CONVERSION = YES_AGGRESSIVE;
				CLANG_CXX_LANGUAGE_STANDARD = "gnu++17";
				CLANG_CXX_LIBRARY = "libc++";
				CLANG_ENABLE_MODULES = YES;
				CLANG_ENABLE_OBJC_ARC = YES;
				CLANG_ENABLE_OBJC_WEAK = YES;
				CLANG_WARN_BLOCK_CAPTURE_AUTORELEASING = YES;
				CLANG_WARN_BOOL_CONVERSION = YES;
				CLANG_WARN_COMMA = YES;
				CLANG_WARN_CONSTANT_CONVERSION = YES;
				CLANG_WARN_DEPRECATED_OBJC_IMPLEMENTATIONS = YES;
				CLANG_WARN_DIRECT_OBJC_ISA_USAGE = YES_ERROR;
				CLANG_WARN_DOCUMENTATION_COMMENTS = YES;
				CLANG_WARN_EMPTY_BODY = YES;
				CLANG_WARN_ENUM_CONVERSION = YES;
				CLANG_WARN_INFINITE_RECURSION = YES;
				CLANG_WARN_INT_CONVERSION = YES;
				CLANG_WARN_NON_LITERAL_NULL_CONVERSION = YES;
				CLANG_WARN_OBJC_IMPLICIT_RETAIN_SELF = YES;
				CLANG_WARN_OBJC_LITERAL_CONVERSION = YES;
				CLANG_WARN_OBJC_ROOT_CLASS = YES_ERROR;
				CLANG_WARN_QUOTED_INCLUDE_IN_FRAMEWORK_HEADER = YES;
				CLANG_WARN_RANGE_LOOP_ANALYSIS = YES;
				CLANG_WARN_STRICT_PROTOTYPES = YES;
				CLANG_WARN_SUSPICIOUS_MOVE = YES;
				CLANG_WARN_UNGUARDED_AVAILABILITY = YES_AGGRESSIVE;
				CLANG_WARN_UNREACHABLE_CODE = YES;
				CLANG_WARN__DUPLICATE_METHOD_MATCH = YES;
				COPY_PHASE_STRIP = NO;
				DEBUG_INFORMATION_FORMAT = dwarf;
				ENABLE_STRICT_OBJC_MSGSEND = YES;
				ENABLE_TESTABILITY = YES;
				GCC_C_LANGUAGE_STANDARD = gnu11;
				GCC_DYNAMIC_NO_PIC = NO;
				GCC_NO_COMMON_BLOCKS = YES;
				GCC_OPTIMIZATION_LEVEL = 0;
				GCC_PREPROCESSOR_DEFINITIONS = (
					"DEBUG=1",
					"$(inherited)",
				);
				GCC_WARN_64_TO_32_BIT_CONVERSION = YES;
				GCC_WARN_ABOUT_RETURN_TYPE = YES_ERROR;
				GCC_WARN_UNDECLARED_SELECTOR = YES;
				GCC_WARN_UNINITIALIZED_AUTOS = YES_AGGRESSIVE;
				GCC_WARN_UNUSED_FUNCTION = YES;
				GCC_WARN_UNUSED_VARIABLE = YES;
				IPHONEOS_DEPLOYMENT_TARGET = 15.0;
				MTL_ENABLE_DEBUG_INFO = INCLUDE_SOURCE;
				MTL_FAST_MATH = YES;
				ONLY_ACTIVE_ARCH = YES;
				SDKROOT = iphoneos;
				SWIFT_ACTIVE_COMPILATION_CONDITIONS = DEBUG;
				SWIFT_OPTIMIZATION_LEVEL = "-Onone";
			};
			name = Debug;
		};
		DE6759CB27B7992F007618C3 /* Release */ = {
			isa = XCBuildConfiguration;
			buildSettings = {
				ALWAYS_SEARCH_USER_PATHS = NO;
				CLANG_ANALYZER_NONNULL = YES;
				CLANG_ANALYZER_NUMBER_OBJECT_CONVERSION = YES_AGGRESSIVE;
				CLANG_CXX_LANGUAGE_STANDARD = "gnu++17";
				CLANG_CXX_LIBRARY = "libc++";
				CLANG_ENABLE_MODULES = YES;
				CLANG_ENABLE_OBJC_ARC = YES;
				CLANG_ENABLE_OBJC_WEAK = YES;
				CLANG_WARN_BLOCK_CAPTURE_AUTORELEASING = YES;
				CLANG_WARN_BOOL_CONVERSION = YES;
				CLANG_WARN_COMMA = YES;
				CLANG_WARN_CONSTANT_CONVERSION = YES;
				CLANG_WARN_DEPRECATED_OBJC_IMPLEMENTATIONS = YES;
				CLANG_WARN_DIRECT_OBJC_ISA_USAGE = YES_ERROR;
				CLANG_WARN_DOCUMENTATION_COMMENTS = YES;
				CLANG_WARN_EMPTY_BODY = YES;
				CLANG_WARN_ENUM_CONVERSION = YES;
				CLANG_WARN_INFINITE_RECURSION = YES;
				CLANG_WARN_INT_CONVERSION = YES;
				CLANG_WARN_NON_LITERAL_NULL_CONVERSION = YES;
				CLANG_WARN_OBJC_IMPLICIT_RETAIN_SELF = YES;
				CLANG_WARN_OBJC_LITERAL_CONVERSION = YES;
				CLANG_WARN_OBJC_ROOT_CLASS = YES_ERROR;
				CLANG_WARN_QUOTED_INCLUDE_IN_FRAMEWORK_HEADER = YES;
				CLANG_WARN_RANGE_LOOP_ANALYSIS = YES;
				CLANG_WARN_STRICT_PROTOTYPES = YES;
				CLANG_WARN_SUSPICIOUS_MOVE = YES;
				CLANG_WARN_UNGUARDED_AVAILABILITY = YES_AGGRESSIVE;
				CLANG_WARN_UNREACHABLE_CODE = YES;
				CLANG_WARN__DUPLICATE_METHOD_MATCH = YES;
				COPY_PHASE_STRIP = NO;
				DEBUG_INFORMATION_FORMAT = "dwarf-with-dsym";
				ENABLE_NS_ASSERTIONS = NO;
				ENABLE_STRICT_OBJC_MSGSEND = YES;
				GCC_C_LANGUAGE_STANDARD = gnu11;
				GCC_NO_COMMON_BLOCKS = YES;
				GCC_WARN_64_TO_32_BIT_CONVERSION = YES;
				GCC_WARN_ABOUT_RETURN_TYPE = YES_ERROR;
				GCC_WARN_UNDECLARED_SELECTOR = YES;
				GCC_WARN_UNINITIALIZED_AUTOS = YES_AGGRESSIVE;
				GCC_WARN_UNUSED_FUNCTION = YES;
				GCC_WARN_UNUSED_VARIABLE = YES;
				IPHONEOS_DEPLOYMENT_TARGET = 15.0;
				MTL_ENABLE_DEBUG_INFO = NO;
				MTL_FAST_MATH = YES;
				SDKROOT = iphoneos;
				SWIFT_COMPILATION_MODE = wholemodule;
				SWIFT_OPTIMIZATION_LEVEL = "-O";
				VALIDATE_PRODUCT = YES;
			};
			name = Release;
		};
		DE6759CD27B7992F007618C3 /* Debug */ = {
			isa = XCBuildConfiguration;
			buildSettings = {
				ASSETCATALOG_COMPILER_APPICON_NAME = AppIcon;
				ASSETCATALOG_COMPILER_GLOBAL_ACCENT_COLOR_NAME = AccentColor;
				CODE_SIGN_STYLE = Automatic;
				CURRENT_PROJECT_VERSION = 1;
				GENERATE_INFOPLIST_FILE = YES;
				INFOPLIST_FILE = TestDateFormatterCost/Info.plist;
				INFOPLIST_KEY_UIApplicationSupportsIndirectInputEvents = YES;
				INFOPLIST_KEY_UILaunchStoryboardName = LaunchScreen;
				INFOPLIST_KEY_UIMainStoryboardFile = Main;
				INFOPLIST_KEY_UISupportedInterfaceOrientations_iPad = "UIInterfaceOrientationPortrait UIInterfaceOrientationPortraitUpsideDown UIInterfaceOrientationLandscapeLeft UIInterfaceOrientationLandscapeRight";
				INFOPLIST_KEY_UISupportedInterfaceOrientations_iPhone = "UIInterfaceOrientationPortrait UIInterfaceOrientationLandscapeLeft UIInterfaceOrientationLandscapeRight";
				LD_RUNPATH_SEARCH_PATHS = (
					"$(inherited)",
					"@executable_path/Frameworks",
				);
				MARKETING_VERSION = 1.0;
				PRODUCT_BUNDLE_IDENTIFIER = net.yagom.TestDateFormatterCost;
				PRODUCT_NAME = "$(TARGET_NAME)";
				SWIFT_EMIT_LOC_STRINGS = YES;
				SWIFT_VERSION = 5.0;
				TARGETED_DEVICE_FAMILY = "1,2";
			};
			name = Debug;
		};
		DE6759CE27B7992F007618C3 /* Release */ = {
			isa = XCBuildConfiguration;
			buildSettings = {
				ASSETCATALOG_COMPILER_APPICON_NAME = AppIcon;
				ASSETCATALOG_COMPILER_GLOBAL_ACCENT_COLOR_NAME = AccentColor;
				CODE_SIGN_STYLE = Automatic;
				CURRENT_PROJECT_VERSION = 1;
				GENERATE_INFOPLIST_FILE = YES;
				INFOPLIST_FILE = TestDateFormatterCost/Info.plist;
				INFOPLIST_KEY_UIApplicationSupportsIndirectInputEvents = YES;
				INFOPLIST_KEY_UILaunchStoryboardName = LaunchScreen;
				INFOPLIST_KEY_UIMainStoryboardFile = Main;
				INFOPLIST_KEY_UISupportedInterfaceOrientations_iPad = "UIInterfaceOrientationPortrait UIInterfaceOrientationPortraitUpsideDown UIInterfaceOrientationLandscapeLeft UIInterfaceOrientationLandscapeRight";
				INFOPLIST_KEY_UISupportedInterfaceOrientations_iPhone = "UIInterfaceOrientationPortrait UIInterfaceOrientationLandscapeLeft UIInterfaceOrientationLandscapeRight";
				LD_RUNPATH_SEARCH_PATHS = (
					"$(inherited)",
					"@executable_path/Frameworks",
				);
				MARKETING_VERSION = 1.0;
				PRODUCT_BUNDLE_IDENTIFIER = net.yagom.TestDateFormatterCost;
				PRODUCT_NAME = "$(TARGET_NAME)";
				SWIFT_EMIT_LOC_STRINGS = YES;
				SWIFT_VERSION = 5.0;
				TARGETED_DEVICE_FAMILY = "1,2";
			};
			name = Release;
		};
		DE6759DA27B79945007618C3 /* Debug */ = {
			isa = XCBuildConfiguration;
			buildSettings = {
				BUNDLE_LOADER = "$(TEST_HOST)";
				CODE_SIGN_STYLE = Automatic;
				CURRENT_PROJECT_VERSION = 1;
				GENERATE_INFOPLIST_FILE = YES;
				LD_RUNPATH_SEARCH_PATHS = (
					"$(inherited)",
					"@executable_path/Frameworks",
					"@loader_path/Frameworks",
				);
				MARKETING_VERSION = 1.0;
				PRODUCT_BUNDLE_IDENTIFIER = net.yagom.TestDateFormatterCostTests;
				PRODUCT_NAME = "$(TARGET_NAME)";
				SWIFT_EMIT_LOC_STRINGS = NO;
				SWIFT_VERSION = 5.0;
				TARGETED_DEVICE_FAMILY = "1,2";
				TEST_HOST = "$(BUILT_PRODUCTS_DIR)/TestDateFormatterCost.app/TestDateFormatterCost";
			};
			name = Debug;
		};
		DE6759DB27B79945007618C3 /* Release */ = {
			isa = XCBuildConfiguration;
			buildSettings = {
				BUNDLE_LOADER = "$(TEST_HOST)";
				CODE_SIGN_STYLE = Automatic;
				CURRENT_PROJECT_VERSION = 1;
				GENERATE_INFOPLIST_FILE = YES;
				LD_RUNPATH_SEARCH_PATHS = (
					"$(inherited)",
					"@executable_path/Frameworks",
					"@loader_path/Frameworks",
				);
				MARKETING_VERSION = 1.0;
				PRODUCT_BUNDLE_IDENTIFIER = net.yagom.TestDateFormatterCostTests;
				PRODUCT_NAME = "$(TARGET_NAME)";
				SWIFT_EMIT_LOC_STRINGS = NO;
				SWIFT_VERSION = 5.0;
				TARGETED_DEVICE_FAMILY = "1,2";
				TEST_HOST = "$(BUILT_PRODUCTS_DIR)/TestDateFormatterCost.app/TestDateFormatterCost";
			};
			name = Release;
		};
/* End XCBuildConfiguration section */

/* Begin XCConfigurationList section */
		DE6759B327B7992E007618C3 /* Build configuration list for PBXProject "TestDateFormatterCost" */ = {
			isa = XCConfigurationList;
			buildConfigurations = (
				DE6759CA27B7992F007618C3 /* Debug */,
				DE6759CB27B7992F007618C3 /* Release */,
			);
			defaultConfigurationIsVisible = 0;
			defaultConfigurationName = Release;
		};
		DE6759CC27B7992F007618C3 /* Build configuration list for PBXNativeTarget "TestDateFormatterCost" */ = {
			isa = XCConfigurationList;
			buildConfigurations = (
				DE6759CD27B7992F007618C3 /* Debug */,
				DE6759CE27B7992F007618C3 /* Release */,
			);
			defaultConfigurationIsVisible = 0;
			defaultConfigurationName = Release;
		};
		DE6759D927B79945007618C3 /* Build configuration list for PBXNativeTarget "TestDateFormatterCostTests" */ = {
			isa = XCConfigurationList;
			buildConfigurations = (
				DE6759DA27B79945007618C3 /* Debug */,
				DE6759DB27B79945007618C3 /* Release */,
			);
			defaultConfigurationIsVisible = 0;
			defaultConfigurationName = Release;
		};
/* End XCConfigurationList section */
	};
	rootObject = DE6759B027B7992E007618C3 /* Project object */;
}
